// !$*UTF8*$!
{
	archiveVersion = 1;
	classes = {
	};
	objectVersion = 46;
	objects = {

/* Begin PBXBuildFile section */
		6AD2EE271E8EA20800F1B786 /* AppDelegate.swift in Sources */ = {isa = PBXBuildFile; fileRef = 6AD2EE261E8EA20800F1B786 /* AppDelegate.swift */; };
		6AD2EE291E8EA20800F1B786 /* ViewController.swift in Sources */ = {isa = PBXBuildFile; fileRef = 6AD2EE281E8EA20800F1B786 /* ViewController.swift */; };
		6AD2EE2C1E8EA20800F1B786 /* Main.storyboard in Resources */ = {isa = PBXBuildFile; fileRef = 6AD2EE2A1E8EA20800F1B786 /* Main.storyboard */; };
		6AD2EE2E1E8EA20800F1B786 /* Assets.xcassets in Resources */ = {isa = PBXBuildFile; fileRef = 6AD2EE2D1E8EA20800F1B786 /* Assets.xcassets */; };
		6AD2EE311E8EA20800F1B786 /* LaunchScreen.storyboard in Resources */ = {isa = PBXBuildFile; fileRef = 6AD2EE2F1E8EA20800F1B786 /* LaunchScreen.storyboard */; };
		6AF91FF21EB37EB800E98B3D /* Settings.bundle in Resources */ = {isa = PBXBuildFile; fileRef = 6AF91FF11EB37EB800E98B3D /* Settings.bundle */; };
/* End PBXBuildFile section */

/* Begin PBXFileReference section */
		6AD2EE231E8EA20800F1B786 /* PiPurr.app */ = {isa = PBXFileReference; explicitFileType = wrapper.application; includeInIndex = 0; path = PiPurr.app; sourceTree = BUILT_PRODUCTS_DIR; };
		6AD2EE261E8EA20800F1B786 /* AppDelegate.swift */ = {isa = PBXFileReference; lastKnownFileType = sourcecode.swift; path = AppDelegate.swift; sourceTree = "<group>"; };
		6AD2EE281E8EA20800F1B786 /* ViewController.swift */ = {isa = PBXFileReference; lastKnownFileType = sourcecode.swift; path = ViewController.swift; sourceTree = "<group>"; };
		6AD2EE2B1E8EA20800F1B786 /* Base */ = {isa = PBXFileReference; lastKnownFileType = file.storyboard; name = Base; path = Base.lproj/Main.storyboard; sourceTree = "<group>"; };
		6AD2EE2D1E8EA20800F1B786 /* Assets.xcassets */ = {isa = PBXFileReference; lastKnownFileType = folder.assetcatalog; path = Assets.xcassets; sourceTree = "<group>"; };
		6AD2EE301E8EA20800F1B786 /* Base */ = {isa = PBXFileReference; lastKnownFileType = file.storyboard; name = Base; path = Base.lproj/LaunchScreen.storyboard; sourceTree = "<group>"; };
		6AD2EE321E8EA20800F1B786 /* Info.plist */ = {isa = PBXFileReference; lastKnownFileType = text.plist.xml; path = Info.plist; sourceTree = "<group>"; };
		6AF91FF11EB37EB800E98B3D /* Settings.bundle */ = {isa = PBXFileReference; lastKnownFileType = "wrapper.plug-in"; path = Settings.bundle; sourceTree = "<group>"; };
/* End PBXFileReference section */

/* Begin PBXFrameworksBuildPhase section */
		6AD2EE201E8EA20800F1B786 /* Frameworks */ = {
			isa = PBXFrameworksBuildPhase;
			buildActionMask = 2147483647;
			files = (
			);
			runOnlyForDeploymentPostprocessing = 0;
		};
/* End PBXFrameworksBuildPhase section */

/* Begin PBXGroup section */
		6AD2EE1A1E8EA20800F1B786 = {
			isa = PBXGroup;
			children = (
				6AD2EE251E8EA20800F1B786 /* PiPurr */,
				6AD2EE241E8EA20800F1B786 /* Products */,
			);
			sourceTree = "<group>";
		};
		6AD2EE241E8EA20800F1B786 /* Products */ = {
			isa = PBXGroup;
			children = (
				6AD2EE231E8EA20800F1B786 /* PiPurr.app */,
			);
			name = Products;
			sourceTree = "<group>";
		};
		6AD2EE251E8EA20800F1B786 /* PiPurr */ = {
			isa = PBXGroup;
			children = (
				6AD2EE261E8EA20800F1B786 /* AppDelegate.swift */,
				6AD2EE281E8EA20800F1B786 /* ViewController.swift */,
				6AD2EE2A1E8EA20800F1B786 /* Main.storyboard */,
				6AF91FF11EB37EB800E98B3D /* Settings.bundle */,
				6AD2EE2D1E8EA20800F1B786 /* Assets.xcassets */,
				6AD2EE2F1E8EA20800F1B786 /* LaunchScreen.storyboard */,
				6AD2EE321E8EA20800F1B786 /* Info.plist */,
			);
			path = PiPurr;
			sourceTree = "<group>";
		};
/* End PBXGroup section */

/* Begin PBXNativeTarget section */
		6AD2EE221E8EA20800F1B786 /* PiPurr */ = {
			isa = PBXNativeTarget;
			buildConfigurationList = 6AD2EE351E8EA20800F1B786 /* Build configuration list for PBXNativeTarget "PiPurr" */;
			buildPhases = (
				6AD2EE1F1E8EA20800F1B786 /* Sources */,
				6AD2EE201E8EA20800F1B786 /* Frameworks */,
				6AD2EE211E8EA20800F1B786 /* Resources */,
			);
			buildRules = (
			);
			dependencies = (
			);
			name = PiPurr;
			productName = PiPurr;
			productReference = 6AD2EE231E8EA20800F1B786 /* PiPurr.app */;
			productType = "com.apple.product-type.application";
		};
/* End PBXNativeTarget section */

/* Begin PBXProject section */
		6AD2EE1B1E8EA20800F1B786 /* Project object */ = {
			isa = PBXProject;
			attributes = {
				LastSwiftUpdateCheck = 0830;
				LastUpgradeCheck = 0830;
				ORGANIZATIONNAME = "Tris Linnell";
				TargetAttributes = {
					6AD2EE221E8EA20800F1B786 = {
						CreatedOnToolsVersion = 8.3;
						DevelopmentTeam = TMJL67SRLF;
						ProvisioningStyle = Automatic;
					};
				};
			};
			buildConfigurationList = 6AD2EE1E1E8EA20800F1B786 /* Build configuration list for PBXProject "PiPurr" */;
			compatibilityVersion = "Xcode 3.2";
			developmentRegion = English;
			hasScannedForEncodings = 0;
			knownRegions = (
				en,
				Base,
			);
			mainGroup = 6AD2EE1A1E8EA20800F1B786;
			productRefGroup = 6AD2EE241E8EA20800F1B786 /* Products */;
			projectDirPath = "";
			projectRoot = "";
			targets = (
				6AD2EE221E8EA20800F1B786 /* PiPurr */,
			);
		};
/* End PBXProject section */

/* Begin PBXResourcesBuildPhase section */
		6AD2EE211E8EA20800F1B786 /* Resources */ = {
			isa = PBXResourcesBuildPhase;
			buildActionMask = 2147483647;
			files = (
				6AF91FF21EB37EB800E98B3D /* Settings.bundle in Resources */,
				6AD2EE311E8EA20800F1B786 /* LaunchScreen.storyboard in Resources */,
				6AD2EE2E1E8EA20800F1B786 /* Assets.xcassets in Resources */,
				6AD2EE2C1E8EA20800F1B786 /* Main.storyboard in Resources */,
			);
			runOnlyForDeploymentPostprocessing = 0;
		};
/* End PBXResourcesBuildPhase section */

/* Begin PBXSourcesBuildPhase section */
		6AD2EE1F1E8EA20800F1B786 /* Sources */ = {
			isa = PBXSourcesBuildPhase;
			buildActionMask = 2147483647;
			files = (
				6AD2EE291E8EA20800F1B786 /* ViewController.swift in Sources */,
				6AD2EE271E8EA20800F1B786 /* AppDelegate.swift in Sources */,
			);
			runOnlyForDeploymentPostprocessing = 0;
		};
/* End PBXSourcesBuildPhase section */

/* Begin PBXVariantGroup section */
		6AD2EE2A1E8EA20800F1B786 /* Main.storyboard */ = {
			isa = PBXVariantGroup;
			children = (
				6AD2EE2B1E8EA20800F1B786 /* Base */,
			);
			name = Main.storyboard;
			sourceTree = "<group>";
		};
		6AD2EE2F1E8EA20800F1B786 /* LaunchScreen.storyboard */ = {
			isa = PBXVariantGroup;
			children = (
				6AD2EE301E8EA20800F1B786 /* Base */,
			);
			name = LaunchScreen.storyboard;
			sourceTree = "<group>";
		};
/* End PBXVariantGroup section */

/* Begin XCBuildConfiguration section */
		6AD2EE331E8EA20800F1B786 /* Debug */ = {
			isa = XCBuildConfiguration;
			buildSettings = {
				ALWAYS_SEARCH_USER_PATHS = NO;
				CLANG_ANALYZER_NONNULL = YES;
				CLANG_ANALYZER_NUMBER_OBJECT_CONVERSION = YES_AGGRESSIVE;
				CLANG_CXX_LANGUAGE_STANDARD = "gnu++0x";
				CLANG_CXX_LIBRARY = "libc++";
				CLANG_ENABLE_MODULES = YES;
				CLANG_ENABLE_OBJC_ARC = YES;
				CLANG_WARN_BOOL_CONVERSION = YES;
				CLANG_WARN_CONSTANT_CONVERSION = YES;
				CLANG_WARN_DIRECT_OBJC_ISA_USAGE = YES_ERROR;
				CLANG_WARN_DOCUMENTATION_COMMENTS = YES;
				CLANG_WARN_EMPTY_BODY = YES;
				CLANG_WARN_ENUM_CONVERSION = YES;
				CLANG_WARN_INFINITE_RECURSION = YES;
				CLANG_WARN_INT_CONVERSION = YES;
				CLANG_WARN_OBJC_ROOT_CLASS = YES_ERROR;
				CLANG_WARN_SUSPICIOUS_MOVE = YES;
				CLANG_WARN_UNREACHABLE_CODE = YES;
				CLANG_WARN__DUPLICATE_METHOD_MATCH = YES;
				"CODE_SIGN_IDENTITY[sdk=iphoneos*]" = "iPhone Developer";
				COPY_PHASE_STRIP = NO;
				DEBUG_INFORMATION_FORMAT = dwarf;
				ENABLE_STRICT_OBJC_MSGSEND = YES;
				ENABLE_TESTABILITY = YES;
				GCC_C_LANGUAGE_STANDARD = gnu99;
				GCC_DYNAMIC_NO_PIC = NO;
				GCC_NO_COMMON_BLOCKS = YES;
				GCC_OPTIMIZATION_LEVEL = 0;
				GCC_PREPROCESSOR_DEFINITIONS = (
					"DEBUG=1",
					"$(inherited)",
				);
				GCC_WARN_64_TO_32_BIT_CONVERSION = YES;
				GCC_WARN_ABOUT_RETURN_TYPE = YES_ERROR;
				GCC_WARN_UNDECLARED_SELECTOR = YES;
				GCC_WARN_UNINITIALIZED_AUTOS = YES_AGGRESSIVE;
				GCC_WARN_UNUSED_FUNCTION = YES;
				GCC_WARN_UNUSED_VARIABLE = YES;
				IPHONEOS_DEPLOYMENT_TARGET = 10.3;
				MTL_ENABLE_DEBUG_INFO = YES;
				ONLY_ACTIVE_ARCH = YES;
				SDKROOT = iphoneos;
				SWIFT_ACTIVE_COMPILATION_CONDITIONS = DEBUG;
				SWIFT_OPTIMIZATION_LEVEL = "-Onone";
				TARGETED_DEVICE_FAMILY = "1,2";
			};
			name = Debug;
		};
		6AD2EE341E8EA20800F1B786 /* Release */ = {
			isa = XCBuildConfiguration;
			buildSettings = {
				ALWAYS_SEARCH_USER_PATHS = NO;
				CLANG_ANALYZER_NONNULL = YES;
				CLANG_ANALYZER_NUMBER_OBJECT_CONVERSION = YES_AGGRESSIVE;
				CLANG_CXX_LANGUAGE_STANDARD = "gnu++0x";
				CLANG_CXX_LIBRARY = "libc++";
				CLANG_ENABLE_MODULES = YES;
				CLANG_ENABLE_OBJC_ARC = YES;
				CLANG_WARN_BOOL_CONVERSION = YES;
				CLANG_WARN_CONSTANT_CONVERSION = YES;
				CLANG_WARN_DIRECT_OBJC_ISA_USAGE = YES_ERROR;
				CLANG_WARN_DOCUMENTATION_COMMENTS = YES;
				CLANG_WARN_EMPTY_BODY = YES;
				CLANG_WARN_ENUM_CONVERSION = YES;
				CLANG_WARN_INFINITE_RECURSION = YES;
				CLANG_WARN_INT_CONVERSION = YES;
				CLANG_WARN_OBJC_ROOT_CLASS = YES_ERROR;
				CLANG_WARN_SUSPICIOUS_MOVE = YES;
				CLANG_WARN_UNREACHABLE_CODE = YES;
				CLANG_WARN__DUPLICATE_METHOD_MATCH = YES;
				"CODE_SIGN_IDENTITY[sdk=iphoneos*]" = "iPhone Developer";
				COPY_PHASE_STRIP = NO;
				DEBUG_INFORMATION_FORMAT = "dwarf-with-dsym";
				ENABLE_NS_ASSERTIONS = NO;
				ENABLE_STRICT_OBJC_MSGSEND = YES;
				GCC_C_LANGUAGE_STANDARD = gnu99;
				GCC_NO_COMMON_BLOCKS = YES;
				GCC_WARN_64_TO_32_BIT_CONVERSION = YES;
				GCC_WARN_ABOUT_RETURN_TYPE = YES_ERROR;
				GCC_WARN_UNDECLARED_SELECTOR = YES;
				GCC_WARN_UNINITIALIZED_AUTOS = YES_AGGRESSIVE;
				GCC_WARN_UNUSED_FUNCTION = YES;
				GCC_WARN_UNUSED_VARIABLE = YES;
				IPHONEOS_DEPLOYMENT_TARGET = 10.3;
				MTL_ENABLE_DEBUG_INFO = NO;
				SDKROOT = iphoneos;
				SWIFT_OPTIMIZATION_LEVEL = "-Owholemodule";
				TARGETED_DEVICE_FAMILY = "1,2";
				VALIDATE_PRODUCT = YES;
			};
			name = Release;
		};
		6AD2EE361E8EA20800F1B786 /* Debug */ = {
			isa = XCBuildConfiguration;
			buildSettings = {
				ASSETCATALOG_COMPILER_APPICON_NAME = AppIcon;
				DEVELOPMENT_TEAM = TMJL67SRLF;
				INFOPLIST_FILE = PiPurr/Info.plist;
				LD_RUNPATH_SEARCH_PATHS = "$(inherited) @executable_path/Frameworks";
				PRODUCT_BUNDLE_IDENTIFIER = org.canthack.pipurr.ios.PiPurr;
				PRODUCT_NAME = "$(TARGET_NAME)";
				SWIFT_VERSION = 3.0;
			};
			name = Debug;
		};
		6AD2EE371E8EA20800F1B786 /* Release */ = {
			isa = XCBuildConfiguration;
			buildSettings = {
				ASSETCATALOG_COMPILER_APPICON_NAME = AppIcon;
				DEVELOPMENT_TEAM = TMJL67SRLF;
				INFOPLIST_FILE = PiPurr/Info.plist;
				LD_RUNPATH_SEARCH_PATHS = "$(inherited) @executable_path/Frameworks";
				PRODUCT_BUNDLE_IDENTIFIER = org.canthack.pipurr.ios.PiPurr;
				PRODUCT_NAME = "$(TARGET_NAME)";
				SWIFT_VERSION = 3.0;
			};
			name = Release;
		};
/* End XCBuildConfiguration section */

/* Begin XCConfigurationList section */
		6AD2EE1E1E8EA20800F1B786 /* Build configuration list for PBXProject "PiPurr" */ = {
			isa = XCConfigurationList;
			buildConfigurations = (
				6AD2EE331E8EA20800F1B786 /* Debug */,
				6AD2EE341E8EA20800F1B786 /* Release */,
			);
			defaultConfigurationIsVisible = 0;
			defaultConfigurationName = Release;
		};
		6AD2EE351E8EA20800F1B786 /* Build configuration list for PBXNativeTarget "PiPurr" */ = {
			isa = XCConfigurationList;
			buildConfigurations = (
				6AD2EE361E8EA20800F1B786 /* Debug */,
				6AD2EE371E8EA20800F1B786 /* Release */,
			);
			defaultConfigurationIsVisible = 0;
			defaultConfigurationName = Release;
		};
/* End XCConfigurationList section */
	};
	rootObject = 6AD2EE1B1E8EA20800F1B786 /* Project object */;
}
